
Microsoft Visual Studio Solution File, Format Version 10.00
# Visual C++ Express 2008
Project("{8BC9CEB8-8B4A-11D0-8D11-00A0C91BC942}") = "calculatorform", "calculatorform\calculatorform.vcproj", "{D2682A3E-5290-3032-A01D-13F1EAD37186}"
EndProject
Global
	GlobalSection(SolutionConfigurationPlatforms) = preSolution
		Debug|Win32 = Debug|Win32
		Release|Win32 = Release|Win32
	EndGlobalSection
	GlobalSection(ProjectConfigurationPlatforms) = postSolution
		{D2682A3E-5290-3032-A01D-13F1EAD37186}.Debug|Win32.ActiveCfg = Debug|Win32
		{D2682A3E-5290-3032-A01D-13F1EAD37186}.Debug|Win32.Build.0 = Debug|Win32
		{D2682A3E-5290-3032-A01D-13F1EAD37186}.Release|Win32.ActiveCfg = Release|Win32
		{D2682A3E-5290-3032-A01D-13F1EAD37186}.Release|Win32.Build.0 = Release|Win32
	EndGlobalSection
	GlobalSection(SolutionProperties) = preSolution
		HideSolutionNode = FALSE
	EndGlobalSection
EndGlobal
